
Microsoft Visual Studio Solution File, Format Version 12.00
# Visual Studio Version 17
VisualStudioVersion = 17.5.33627.172
MinimumVisualStudioVersion = 10.0.40219.1
Project("{FAE04EC0-301F-11D3-BF4B-00C04F79EFBC}") = "Aula02", "Aula02\Aula02.csproj", "{8134D890-8374-4108-80F4-7DAC01D302BD}"
EndProject
Global
	GlobalSection(SolutionConfigurationPlatforms) = preSolution
		Debug|Any CPU = Debug|Any CPU
		Release|Any CPU = Release|Any CPU
	EndGlobalSection
	GlobalSection(ProjectConfigurationPlatforms) = postSolution
		{8134D890-8374-4108-80F4-7DAC01D302BD}.Debug|Any CPU.ActiveCfg = Debug|Any CPU
		{8134D890-8374-4108-80F4-7DAC01D302BD}.Debug|Any CPU.Build.0 = Debug|Any CPU
		{8134D890-8374-4108-80F4-7DAC01D302BD}.Release|Any CPU.ActiveCfg = Release|Any CPU
		{8134D890-8374-4108-80F4-7DAC01D302BD}.Release|Any CPU.Build.0 = Release|Any CPU
	EndGlobalSection
	GlobalSection(SolutionProperties) = preSolution
		HideSolutionNode = FALSE
	EndGlobalSection
	GlobalSection(ExtensibilityGlobals) = postSolution
		SolutionGuid = {A261187F-750E-4B8C-A646-C8C5957713AF}
	EndGlobalSection
EndGlobal
