
Microsoft Visual Studio Solution File, Format Version 12.00
# Visual Studio Version 17
VisualStudioVersion = 17.5.33627.172
MinimumVisualStudioVersion = 10.0.40219.1
Project("{FAE04EC0-301F-11D3-BF4B-00C04F79EFBC}") = "Aula09", "Aula09\Aula09.csproj", "{054DBF31-E116-4D37-82EB-C9F736C64203}"
EndProject
Global
	GlobalSection(SolutionConfigurationPlatforms) = preSolution
		Debug|Any CPU = Debug|Any CPU
		Release|Any CPU = Release|Any CPU
	EndGlobalSection
	GlobalSection(ProjectConfigurationPlatforms) = postSolution
		{054DBF31-E116-4D37-82EB-C9F736C64203}.Debug|Any CPU.ActiveCfg = Debug|Any CPU
		{054DBF31-E116-4D37-82EB-C9F736C64203}.Debug|Any CPU.Build.0 = Debug|Any CPU
		{054DBF31-E116-4D37-82EB-C9F736C64203}.Release|Any CPU.ActiveCfg = Release|Any CPU
		{054DBF31-E116-4D37-82EB-C9F736C64203}.Release|Any CPU.Build.0 = Release|Any CPU
	EndGlobalSection
	GlobalSection(SolutionProperties) = preSolution
		HideSolutionNode = FALSE
	EndGlobalSection
	GlobalSection(ExtensibilityGlobals) = postSolution
		SolutionGuid = {82170540-FFB2-43D6-954A-A06496AD9755}
	EndGlobalSection
EndGlobal
