
Microsoft Visual Studio Solution File, Format Version 12.00
# Visual Studio Version 17
VisualStudioVersion = 17.5.33627.172
MinimumVisualStudioVersion = 10.0.40219.1
Project("{FAE04EC0-301F-11D3-BF4B-00C04F79EFBC}") = "Aula04", "Aula04\Aula04.csproj", "{B49A9A34-E144-4FDD-8C30-9DDC40A57BFF}"
EndProject
Global
	GlobalSection(SolutionConfigurationPlatforms) = preSolution
		Debug|Any CPU = Debug|Any CPU
		Release|Any CPU = Release|Any CPU
	EndGlobalSection
	GlobalSection(ProjectConfigurationPlatforms) = postSolution
		{B49A9A34-E144-4FDD-8C30-9DDC40A57BFF}.Debug|Any CPU.ActiveCfg = Debug|Any CPU
		{B49A9A34-E144-4FDD-8C30-9DDC40A57BFF}.Debug|Any CPU.Build.0 = Debug|Any CPU
		{B49A9A34-E144-4FDD-8C30-9DDC40A57BFF}.Release|Any CPU.ActiveCfg = Release|Any CPU
		{B49A9A34-E144-4FDD-8C30-9DDC40A57BFF}.Release|Any CPU.Build.0 = Release|Any CPU
	EndGlobalSection
	GlobalSection(SolutionProperties) = preSolution
		HideSolutionNode = FALSE
	EndGlobalSection
	GlobalSection(ExtensibilityGlobals) = postSolution
		SolutionGuid = {E906D604-3B7E-476E-9FCA-61AB87885AB2}
	EndGlobalSection
EndGlobal
