
Microsoft Visual Studio Solution File, Format Version 12.00
# Visual Studio Version 17
VisualStudioVersion = 17.5.33627.172
MinimumVisualStudioVersion = 10.0.40219.1
Project("{FAE04EC0-301F-11D3-BF4B-00C04F79EFBC}") = "Aula18", "Aula18\Aula18.csproj", "{A2123035-70B8-4046-8089-D79A51FF86AA}"
EndProject
Global
	GlobalSection(SolutionConfigurationPlatforms) = preSolution
		Debug|Any CPU = Debug|Any CPU
		Release|Any CPU = Release|Any CPU
	EndGlobalSection
	GlobalSection(ProjectConfigurationPlatforms) = postSolution
		{A2123035-70B8-4046-8089-D79A51FF86AA}.Debug|Any CPU.ActiveCfg = Debug|Any CPU
		{A2123035-70B8-4046-8089-D79A51FF86AA}.Debug|Any CPU.Build.0 = Debug|Any CPU
		{A2123035-70B8-4046-8089-D79A51FF86AA}.Release|Any CPU.ActiveCfg = Release|Any CPU
		{A2123035-70B8-4046-8089-D79A51FF86AA}.Release|Any CPU.Build.0 = Release|Any CPU
	EndGlobalSection
	GlobalSection(SolutionProperties) = preSolution
		HideSolutionNode = FALSE
	EndGlobalSection
	GlobalSection(ExtensibilityGlobals) = postSolution
		SolutionGuid = {5133A1EA-4019-43FD-9AEA-98AE87666C15}
	EndGlobalSection
EndGlobal
