
Microsoft Visual Studio Solution File, Format Version 12.00
# Visual Studio Version 17
VisualStudioVersion = 17.5.33627.172
MinimumVisualStudioVersion = 10.0.40219.1
Project("{FAE04EC0-301F-11D3-BF4B-00C04F79EFBC}") = "Exercicios02", "Exercicios02\Exercicios02.csproj", "{54941952-3B60-447F-8080-1810BDBC61DF}"
EndProject
Global
	GlobalSection(SolutionConfigurationPlatforms) = preSolution
		Debug|Any CPU = Debug|Any CPU
		Release|Any CPU = Release|Any CPU
	EndGlobalSection
	GlobalSection(ProjectConfigurationPlatforms) = postSolution
		{54941952-3B60-447F-8080-1810BDBC61DF}.Debug|Any CPU.ActiveCfg = Debug|Any CPU
		{54941952-3B60-447F-8080-1810BDBC61DF}.Debug|Any CPU.Build.0 = Debug|Any CPU
		{54941952-3B60-447F-8080-1810BDBC61DF}.Release|Any CPU.ActiveCfg = Release|Any CPU
		{54941952-3B60-447F-8080-1810BDBC61DF}.Release|Any CPU.Build.0 = Release|Any CPU
	EndGlobalSection
	GlobalSection(SolutionProperties) = preSolution
		HideSolutionNode = FALSE
	EndGlobalSection
	GlobalSection(ExtensibilityGlobals) = postSolution
		SolutionGuid = {6428BC6E-18DD-4FAF-B7E2-6E0A759FE844}
	EndGlobalSection
EndGlobal
