
Microsoft Visual Studio Solution File, Format Version 12.00
# Visual Studio Version 17
VisualStudioVersion = 17.5.33627.172
MinimumVisualStudioVersion = 10.0.40219.1
Project("{FAE04EC0-301F-11D3-BF4B-00C04F79EFBC}") = "Aula03", "Aula03\Aula03.csproj", "{A1AB1A22-4D8C-4F61-AF6F-633A254E1162}"
EndProject
Global
	GlobalSection(SolutionConfigurationPlatforms) = preSolution
		Debug|Any CPU = Debug|Any CPU
		Release|Any CPU = Release|Any CPU
	EndGlobalSection
	GlobalSection(ProjectConfigurationPlatforms) = postSolution
		{A1AB1A22-4D8C-4F61-AF6F-633A254E1162}.Debug|Any CPU.ActiveCfg = Debug|Any CPU
		{A1AB1A22-4D8C-4F61-AF6F-633A254E1162}.Debug|Any CPU.Build.0 = Debug|Any CPU
		{A1AB1A22-4D8C-4F61-AF6F-633A254E1162}.Release|Any CPU.ActiveCfg = Release|Any CPU
		{A1AB1A22-4D8C-4F61-AF6F-633A254E1162}.Release|Any CPU.Build.0 = Release|Any CPU
	EndGlobalSection
	GlobalSection(SolutionProperties) = preSolution
		HideSolutionNode = FALSE
	EndGlobalSection
	GlobalSection(ExtensibilityGlobals) = postSolution
		SolutionGuid = {10BF9FEB-5145-4474-91A5-17A75EA67C66}
	EndGlobalSection
EndGlobal
